
Microsoft Visual Studio Solution File, Format Version 11.00
# Visual C# Express 2010
Project("{FAE04EC0-301F-11D3-BF4B-00C04F79EFBC}") = "quiz", "quiz\quiz.csproj", "{1A2F229F-5919-4805-83DB-176F33BA4E02}"
EndProject
Global
	GlobalSection(SolutionConfigurationPlatforms) = preSolution
		Debug|x86 = Debug|x86
		Release|x86 = Release|x86
	EndGlobalSection
	GlobalSection(ProjectConfigurationPlatforms) = postSolution
		{1A2F229F-5919-4805-83DB-176F33BA4E02}.Debug|x86.ActiveCfg = Debug|x86
		{1A2F229F-5919-4805-83DB-176F33BA4E02}.Debug|x86.Build.0 = Debug|x86
		{1A2F229F-5919-4805-83DB-176F33BA4E02}.Release|x86.ActiveCfg = Release|x86
		{1A2F229F-5919-4805-83DB-176F33BA4E02}.Release|x86.Build.0 = Release|x86
	EndGlobalSection
	GlobalSection(SolutionProperties) = preSolution
		HideSolutionNode = FALSE
	EndGlobalSection
EndGlobal
